// !$*UTF8*$!
{
	archiveVersion = 1;
	classes = {
	};
	objectVersion = 46;
	objects = {

/* Begin PBXBuildFile section */
		3FF92099497B9CCF597B2974 /* Pods_PsychonautWiki.framework in Frameworks */ = {isa = PBXBuildFile; fileRef = 18241B68552BF57DE603BAAB /* Pods_PsychonautWiki.framework */; };
		5305161E1E5A670D00185831 /* Substances.graphql in Resources */ = {isa = PBXBuildFile; fileRef = 5305161D1E5A670D00185831 /* Substances.graphql */; };
		530516201E5B6A8600185831 /* SubstancesViewController.swift in Sources */ = {isa = PBXBuildFile; fileRef = 5305161F1E5B6A8600185831 /* SubstancesViewController.swift */; };
		530516251E5B6D1A00185831 /* SubstancesService.swift in Sources */ = {isa = PBXBuildFile; fileRef = 530516241E5B6D1A00185831 /* SubstancesService.swift */; };
		5315F4A81E5A65E9005A051F /* API.swift in Sources */ = {isa = PBXBuildFile; fileRef = 5315F4A71E5A65E9005A051F /* API.swift */; };
		5315F4AD1E5A6618005A051F /* AppDelegate.swift in Sources */ = {isa = PBXBuildFile; fileRef = 5315F4AC1E5A6618005A051F /* AppDelegate.swift */; };
		533488991E5B968900F8B08A /* UIViewControllerExtensions.swift in Sources */ = {isa = PBXBuildFile; fileRef = 533488981E5B968900F8B08A /* UIViewControllerExtensions.swift */; };
		5334889B1E5B9CC700F8B08A /* ArrayExtension.swift in Sources */ = {isa = PBXBuildFile; fileRef = 5334889A1E5B9CC700F8B08A /* ArrayExtension.swift */; };
		5334889F1E5BA3D200F8B08A /* LaunchScreen.storyboard in Resources */ = {isa = PBXBuildFile; fileRef = 5334889D1E5BA3D200F8B08A /* LaunchScreen.storyboard */; };
		533488A01E5BA3D200F8B08A /* Main.storyboard in Resources */ = {isa = PBXBuildFile; fileRef = 5334889E1E5BA3D200F8B08A /* Main.storyboard */; };
		533488A31E5BAB4100F8B08A /* MultiLineTableViewCell.swift in Sources */ = {isa = PBXBuildFile; fileRef = 533488A21E5BAB4100F8B08A /* MultiLineTableViewCell.swift */; };
		53664B3A1E5B91490064E730 /* ApolloClient.swift in Sources */ = {isa = PBXBuildFile; fileRef = 53664B391E5B91490064E730 /* ApolloClient.swift */; };
		53FC6DBE1E5A5E2F00397CB6 /* MasterViewController.swift in Sources */ = {isa = PBXBuildFile; fileRef = 53FC6DBD1E5A5E2F00397CB6 /* MasterViewController.swift */; };
		53FC6DC01E5A5E2F00397CB6 /* SubstanceDetailViewController.swift in Sources */ = {isa = PBXBuildFile; fileRef = 53FC6DBF1E5A5E2F00397CB6 /* SubstanceDetailViewController.swift */; };
		53FC6DC51E5A5E3000397CB6 /* Assets.xcassets in Resources */ = {isa = PBXBuildFile; fileRef = 53FC6DC41E5A5E3000397CB6 /* Assets.xcassets */; };
		53FC6DD31E5A5E3000397CB6 /* PsychonautWikiTests.swift in Sources */ = {isa = PBXBuildFile; fileRef = 53FC6DD21E5A5E3000397CB6 /* PsychonautWikiTests.swift */; };
		53FC6DDE1E5A5E3000397CB6 /* PsychonautWikiUITests.swift in Sources */ = {isa = PBXBuildFile; fileRef = 53FC6DDD1E5A5E3000397CB6 /* PsychonautWikiUITests.swift */; };
/* End PBXBuildFile section */

/* Begin PBXContainerItemProxy section */
		53FC6DCF1E5A5E3000397CB6 /* PBXContainerItemProxy */ = {
			isa = PBXContainerItemProxy;
			containerPortal = 53FC6DB01E5A5E2F00397CB6 /* Project object */;
			proxyType = 1;
			remoteGlobalIDString = 53FC6DB71E5A5E2F00397CB6;
			remoteInfo = PsychonautWiki;
		};
		53FC6DDA1E5A5E3000397CB6 /* PBXContainerItemProxy */ = {
			isa = PBXContainerItemProxy;
			containerPortal = 53FC6DB01E5A5E2F00397CB6 /* Project object */;
			proxyType = 1;
			remoteGlobalIDString = 53FC6DB71E5A5E2F00397CB6;
			remoteInfo = PsychonautWiki;
		};
/* End PBXContainerItemProxy section */

/* Begin PBXFileReference section */
		18241B68552BF57DE603BAAB /* Pods_PsychonautWiki.framework */ = {isa = PBXFileReference; explicitFileType = wrapper.framework; includeInIndex = 0; path = Pods_PsychonautWiki.framework; sourceTree = BUILT_PRODUCTS_DIR; };
		5305161D1E5A670D00185831 /* Substances.graphql */ = {isa = PBXFileReference; fileEncoding = 4; lastKnownFileType = text; path = Substances.graphql; sourceTree = "<group>"; };
		5305161F1E5B6A8600185831 /* SubstancesViewController.swift */ = {isa = PBXFileReference; fileEncoding = 4; lastKnownFileType = sourcecode.swift; path = SubstancesViewController.swift; sourceTree = "<group>"; };
		530516241E5B6D1A00185831 /* SubstancesService.swift */ = {isa = PBXFileReference; fileEncoding = 4; lastKnownFileType = sourcecode.swift; path = SubstancesService.swift; sourceTree = "<group>"; };
		5315F4A71E5A65E9005A051F /* API.swift */ = {isa = PBXFileReference; fileEncoding = 4; lastKnownFileType = sourcecode.swift; path = API.swift; sourceTree = "<group>"; };
		5315F4AC1E5A6618005A051F /* AppDelegate.swift */ = {isa = PBXFileReference; fileEncoding = 4; lastKnownFileType = sourcecode.swift; path = AppDelegate.swift; sourceTree = "<group>"; };
		533488981E5B968900F8B08A /* UIViewControllerExtensions.swift */ = {isa = PBXFileReference; fileEncoding = 4; lastKnownFileType = sourcecode.swift; path = UIViewControllerExtensions.swift; sourceTree = "<group>"; };
		5334889A1E5B9CC700F8B08A /* ArrayExtension.swift */ = {isa = PBXFileReference; fileEncoding = 4; lastKnownFileType = sourcecode.swift; path = ArrayExtension.swift; sourceTree = "<group>"; };
		5334889D1E5BA3D200F8B08A /* LaunchScreen.storyboard */ = {isa = PBXFileReference; fileEncoding = 4; lastKnownFileType = file.storyboard; path = LaunchScreen.storyboard; sourceTree = "<group>"; };
		5334889E1E5BA3D200F8B08A /* Main.storyboard */ = {isa = PBXFileReference; fileEncoding = 4; lastKnownFileType = file.storyboard; path = Main.storyboard; sourceTree = "<group>"; };
		533488A21E5BAB4100F8B08A /* MultiLineTableViewCell.swift */ = {isa = PBXFileReference; fileEncoding = 4; lastKnownFileType = sourcecode.swift; path = MultiLineTableViewCell.swift; sourceTree = "<group>"; };
		53664B391E5B91490064E730 /* ApolloClient.swift */ = {isa = PBXFileReference; fileEncoding = 4; lastKnownFileType = sourcecode.swift; path = ApolloClient.swift; sourceTree = "<group>"; };
		53FC6DB81E5A5E2F00397CB6 /* PsychonautWiki.app */ = {isa = PBXFileReference; explicitFileType = wrapper.application; includeInIndex = 0; path = PsychonautWiki.app; sourceTree = BUILT_PRODUCTS_DIR; };
		53FC6DBD1E5A5E2F00397CB6 /* MasterViewController.swift */ = {isa = PBXFileReference; lastKnownFileType = sourcecode.swift; path = MasterViewController.swift; sourceTree = "<group>"; };
		53FC6DBF1E5A5E2F00397CB6 /* SubstanceDetailViewController.swift */ = {isa = PBXFileReference; lastKnownFileType = sourcecode.swift; path = SubstanceDetailViewController.swift; sourceTree = "<group>"; };
		53FC6DC41E5A5E3000397CB6 /* Assets.xcassets */ = {isa = PBXFileReference; lastKnownFileType = folder.assetcatalog; path = Assets.xcassets; sourceTree = "<group>"; };
		53FC6DC91E5A5E3000397CB6 /* Info.plist */ = {isa = PBXFileReference; lastKnownFileType = text.plist.xml; path = Info.plist; sourceTree = "<group>"; };
		53FC6DCE1E5A5E3000397CB6 /* PsychonautWikiTests.xctest */ = {isa = PBXFileReference; explicitFileType = wrapper.cfbundle; includeInIndex = 0; path = PsychonautWikiTests.xctest; sourceTree = BUILT_PRODUCTS_DIR; };
		53FC6DD21E5A5E3000397CB6 /* PsychonautWikiTests.swift */ = {isa = PBXFileReference; lastKnownFileType = sourcecode.swift; path = PsychonautWikiTests.swift; sourceTree = "<group>"; };
		53FC6DD41E5A5E3000397CB6 /* Info.plist */ = {isa = PBXFileReference; lastKnownFileType = text.plist.xml; path = Info.plist; sourceTree = "<group>"; };
		53FC6DD91E5A5E3000397CB6 /* PsychonautWikiUITests.xctest */ = {isa = PBXFileReference; explicitFileType = wrapper.cfbundle; includeInIndex = 0; path = PsychonautWikiUITests.xctest; sourceTree = BUILT_PRODUCTS_DIR; };
		53FC6DDD1E5A5E3000397CB6 /* PsychonautWikiUITests.swift */ = {isa = PBXFileReference; lastKnownFileType = sourcecode.swift; path = PsychonautWikiUITests.swift; sourceTree = "<group>"; };
		53FC6DDF1E5A5E3000397CB6 /* Info.plist */ = {isa = PBXFileReference; lastKnownFileType = text.plist.xml; path = Info.plist; sourceTree = "<group>"; };
		9CC5BDBB6C57136B87349D32 /* Pods-PsychonautWiki.debug.xcconfig */ = {isa = PBXFileReference; includeInIndex = 1; lastKnownFileType = text.xcconfig; name = "Pods-PsychonautWiki.debug.xcconfig"; path = "Pods/Target Support Files/Pods-PsychonautWiki/Pods-PsychonautWiki.debug.xcconfig"; sourceTree = "<group>"; };
		CB4846BE35CDAD25A9A205BB /* Pods-PsychonautWiki.release.xcconfig */ = {isa = PBXFileReference; includeInIndex = 1; lastKnownFileType = text.xcconfig; name = "Pods-PsychonautWiki.release.xcconfig"; path = "Pods/Target Support Files/Pods-PsychonautWiki/Pods-PsychonautWiki.release.xcconfig"; sourceTree = "<group>"; };
/* End PBXFileReference section */

/* Begin PBXFrameworksBuildPhase section */
		53FC6DB51E5A5E2F00397CB6 /* Frameworks */ = {
			isa = PBXFrameworksBuildPhase;
			buildActionMask = 2147483647;
			files = (
				3FF92099497B9CCF597B2974 /* Pods_PsychonautWiki.framework in Frameworks */,
			);
			runOnlyForDeploymentPostprocessing = 0;
		};
		53FC6DCB1E5A5E3000397CB6 /* Frameworks */ = {
			isa = PBXFrameworksBuildPhase;
			buildActionMask = 2147483647;
			files = (
			);
			runOnlyForDeploymentPostprocessing = 0;
		};
		53FC6DD61E5A5E3000397CB6 /* Frameworks */ = {
			isa = PBXFrameworksBuildPhase;
			buildActionMask = 2147483647;
			files = (
			);
			runOnlyForDeploymentPostprocessing = 0;
		};
/* End PBXFrameworksBuildPhase section */

/* Begin PBXGroup section */
		5305161B1E5A66C100185831 /* Assets */ = {
			isa = PBXGroup;
			children = (
				536FC5761E5CF182005C96FE /* Views */,
				5334889C1E5BA3B200F8B08A /* Storyboards */,
				5305161C1E5A66D300185831 /* Graphql */,
				53FC6DC41E5A5E3000397CB6 /* Assets.xcassets */,
			);
			path = Assets;
			sourceTree = "<group>";
		};
		5305161C1E5A66D300185831 /* Graphql */ = {
			isa = PBXGroup;
			children = (
				5305161D1E5A670D00185831 /* Substances.graphql */,
			);
			path = Graphql;
			sourceTree = "<group>";
		};
		530516211E5B6A8C00185831 /* ViewControllers */ = {
			isa = PBXGroup;
			children = (
				53FC6DBD1E5A5E2F00397CB6 /* MasterViewController.swift */,
				53FC6DBF1E5A5E2F00397CB6 /* SubstanceDetailViewController.swift */,
				5305161F1E5B6A8600185831 /* SubstancesViewController.swift */,
			);
			path = ViewControllers;
			sourceTree = "<group>";
		};
		530516231E5B6B0F00185831 /* Data */ = {
			isa = PBXGroup;
			children = (
				530516241E5B6D1A00185831 /* SubstancesService.swift */,
				53664B391E5B91490064E730 /* ApolloClient.swift */,
			);
			path = Data;
			sourceTree = "<group>";
		};
		5315F4A91E5A65F3005A051F /* Classes */ = {
			isa = PBXGroup;
			children = (
				5315F4AC1E5A6618005A051F /* AppDelegate.swift */,
				533488A11E5BAB0C00F8B08A /* Cells */,
				533488971E5B967500F8B08A /* Extensions */,
				530516211E5B6A8C00185831 /* ViewControllers */,
				530516231E5B6B0F00185831 /* Data */,
				5315F4AA1E5A65F8005A051F /* Generated */,
			);
			path = Classes;
			sourceTree = "<group>";
		};
		5315F4AA1E5A65F8005A051F /* Generated */ = {
			isa = PBXGroup;
			children = (
				5315F4AB1E5A65FF005A051F /* Graphql */,
			);
			path = Generated;
			sourceTree = "<group>";
		};
		5315F4AB1E5A65FF005A051F /* Graphql */ = {
			isa = PBXGroup;
			children = (
				5315F4A71E5A65E9005A051F /* API.swift */,
			);
			path = Graphql;
			sourceTree = "<group>";
		};
		533488971E5B967500F8B08A /* Extensions */ = {
			isa = PBXGroup;
			children = (
				533488981E5B968900F8B08A /* UIViewControllerExtensions.swift */,
				5334889A1E5B9CC700F8B08A /* ArrayExtension.swift */,
			);
			path = Extensions;
			sourceTree = "<group>";
		};
		5334889C1E5BA3B200F8B08A /* Storyboards */ = {
			isa = PBXGroup;
			children = (
				5334889E1E5BA3D200F8B08A /* Main.storyboard */,
				5334889D1E5BA3D200F8B08A /* LaunchScreen.storyboard */,
			);
			path = Storyboards;
			sourceTree = "<group>";
		};
		533488A11E5BAB0C00F8B08A /* Cells */ = {
			isa = PBXGroup;
			children = (
				533488A21E5BAB4100F8B08A /* MultiLineTableViewCell.swift */,
			);
			path = Cells;
			sourceTree = "<group>";
		};
		536FC5761E5CF182005C96FE /* Views */ = {
			isa = PBXGroup;
			children = (
			);
			path = Views;
			sourceTree = "<group>";
		};
		53FC6DAF1E5A5E2F00397CB6 = {
			isa = PBXGroup;
			children = (
				53FC6DBA1E5A5E2F00397CB6 /* PsychonautWiki */,
				53FC6DD11E5A5E3000397CB6 /* PsychonautWikiTests */,
				53FC6DDC1E5A5E3000397CB6 /* PsychonautWikiUITests */,
				53FC6DB91E5A5E2F00397CB6 /* Products */,
				EDEF901B00C9039E0EA06205 /* Pods */,
				9156FB003DD73F1CDB0A6098 /* Frameworks */,
			);
			sourceTree = "<group>";
		};
		53FC6DB91E5A5E2F00397CB6 /* Products */ = {
			isa = PBXGroup;
			children = (
				53FC6DB81E5A5E2F00397CB6 /* PsychonautWiki.app */,
				53FC6DCE1E5A5E3000397CB6 /* PsychonautWikiTests.xctest */,
				53FC6DD91E5A5E3000397CB6 /* PsychonautWikiUITests.xctest */,
			);
			name = Products;
			sourceTree = "<group>";
		};
		53FC6DBA1E5A5E2F00397CB6 /* PsychonautWiki */ = {
			isa = PBXGroup;
			children = (
				5305161B1E5A66C100185831 /* Assets */,
				5315F4A91E5A65F3005A051F /* Classes */,
				53FC6DC91E5A5E3000397CB6 /* Info.plist */,
			);
			path = PsychonautWiki;
			sourceTree = "<group>";
		};
		53FC6DD11E5A5E3000397CB6 /* PsychonautWikiTests */ = {
			isa = PBXGroup;
			children = (
				53FC6DD21E5A5E3000397CB6 /* PsychonautWikiTests.swift */,
				53FC6DD41E5A5E3000397CB6 /* Info.plist */,
			);
			path = PsychonautWikiTests;
			sourceTree = "<group>";
		};
		53FC6DDC1E5A5E3000397CB6 /* PsychonautWikiUITests */ = {
			isa = PBXGroup;
			children = (
				53FC6DDD1E5A5E3000397CB6 /* PsychonautWikiUITests.swift */,
				53FC6DDF1E5A5E3000397CB6 /* Info.plist */,
			);
			path = PsychonautWikiUITests;
			sourceTree = "<group>";
		};
		9156FB003DD73F1CDB0A6098 /* Frameworks */ = {
			isa = PBXGroup;
			children = (
				18241B68552BF57DE603BAAB /* Pods_PsychonautWiki.framework */,
			);
			name = Frameworks;
			sourceTree = "<group>";
		};
		EDEF901B00C9039E0EA06205 /* Pods */ = {
			isa = PBXGroup;
			children = (
				9CC5BDBB6C57136B87349D32 /* Pods-PsychonautWiki.debug.xcconfig */,
				CB4846BE35CDAD25A9A205BB /* Pods-PsychonautWiki.release.xcconfig */,
			);
			name = Pods;
			sourceTree = "<group>";
		};
/* End PBXGroup section */

/* Begin PBXNativeTarget section */
		53FC6DB71E5A5E2F00397CB6 /* PsychonautWiki */ = {
			isa = PBXNativeTarget;
			buildConfigurationList = 53FC6DE21E5A5E3000397CB6 /* Build configuration list for PBXNativeTarget "PsychonautWiki" */;
			buildPhases = (
				E20EED8EE62876990F228416 /* [CP] Check Pods Manifest.lock */,
				5315F4A41E5A64C8005A051F /* Apollo Codegen */,
				536FC5751E5CD7C6005C96FE /* Build Version Increment */,
				53FC6DB41E5A5E2F00397CB6 /* Sources */,
				53FC6DB51E5A5E2F00397CB6 /* Frameworks */,
				53FC6DB61E5A5E2F00397CB6 /* Resources */,
				C7A122A866A27021579FB9E3 /* [CP] Embed Pods Frameworks */,
				E7D192274FE5DD5DF744049C /* [CP] Copy Pods Resources */,
				536FC5741E5CD05C005C96FE /* Hockey */,
			);
			buildRules = (
			);
			dependencies = (
			);
			name = PsychonautWiki;
			productName = PsychonautWiki;
			productReference = 53FC6DB81E5A5E2F00397CB6 /* PsychonautWiki.app */;
			productType = "com.apple.product-type.application";
		};
		53FC6DCD1E5A5E3000397CB6 /* PsychonautWikiTests */ = {
			isa = PBXNativeTarget;
			buildConfigurationList = 53FC6DE51E5A5E3000397CB6 /* Build configuration list for PBXNativeTarget "PsychonautWikiTests" */;
			buildPhases = (
				53FC6DCA1E5A5E3000397CB6 /* Sources */,
				53FC6DCB1E5A5E3000397CB6 /* Frameworks */,
				53FC6DCC1E5A5E3000397CB6 /* Resources */,
			);
			buildRules = (
			);
			dependencies = (
				53FC6DD01E5A5E3000397CB6 /* PBXTargetDependency */,
			);
			name = PsychonautWikiTests;
			productName = PsychonautWikiTests;
			productReference = 53FC6DCE1E5A5E3000397CB6 /* PsychonautWikiTests.xctest */;
			productType = "com.apple.product-type.bundle.unit-test";
		};
		53FC6DD81E5A5E3000397CB6 /* PsychonautWikiUITests */ = {
			isa = PBXNativeTarget;
			buildConfigurationList = 53FC6DE81E5A5E3000397CB6 /* Build configuration list for PBXNativeTarget "PsychonautWikiUITests" */;
			buildPhases = (
				53FC6DD51E5A5E3000397CB6 /* Sources */,
				53FC6DD61E5A5E3000397CB6 /* Frameworks */,
				53FC6DD71E5A5E3000397CB6 /* Resources */,
			);
			buildRules = (
			);
			dependencies = (
				53FC6DDB1E5A5E3000397CB6 /* PBXTargetDependency */,
			);
			name = PsychonautWikiUITests;
			productName = PsychonautWikiUITests;
			productReference = 53FC6DD91E5A5E3000397CB6 /* PsychonautWikiUITests.xctest */;
			productType = "com.apple.product-type.bundle.ui-testing";
		};
/* End PBXNativeTarget section */

/* Begin PBXProject section */
		53FC6DB01E5A5E2F00397CB6 /* Project object */ = {
			isa = PBXProject;
			attributes = {
				LastSwiftUpdateCheck = 0800;
				LastUpgradeCheck = 0800;
				ORGANIZATIONNAME = "Waldemar Barbe";
				TargetAttributes = {
					53FC6DB71E5A5E2F00397CB6 = {
						CreatedOnToolsVersion = 8.0;
						DevelopmentTeam = RY3UPR7VXC;
						ProvisioningStyle = Automatic;
					};
					53FC6DCD1E5A5E3000397CB6 = {
						CreatedOnToolsVersion = 8.0;
						DevelopmentTeam = 2BN3AJZW49;
						ProvisioningStyle = Automatic;
						TestTargetID = 53FC6DB71E5A5E2F00397CB6;
					};
					53FC6DD81E5A5E3000397CB6 = {
						CreatedOnToolsVersion = 8.0;
						DevelopmentTeam = 2BN3AJZW49;
						ProvisioningStyle = Automatic;
						TestTargetID = 53FC6DB71E5A5E2F00397CB6;
					};
				};
			};
			buildConfigurationList = 53FC6DB31E5A5E2F00397CB6 /* Build configuration list for PBXProject "PsychonautWiki" */;
			compatibilityVersion = "Xcode 3.2";
			developmentRegion = English;
			hasScannedForEncodings = 0;
			knownRegions = (
				en,
				Base,
			);
			mainGroup = 53FC6DAF1E5A5E2F00397CB6;
			productRefGroup = 53FC6DB91E5A5E2F00397CB6 /* Products */;
			projectDirPath = "";
			projectRoot = "";
			targets = (
				53FC6DB71E5A5E2F00397CB6 /* PsychonautWiki */,
				53FC6DCD1E5A5E3000397CB6 /* PsychonautWikiTests */,
				53FC6DD81E5A5E3000397CB6 /* PsychonautWikiUITests */,
			);
		};
/* End PBXProject section */

/* Begin PBXResourcesBuildPhase section */
		53FC6DB61E5A5E2F00397CB6 /* Resources */ = {
			isa = PBXResourcesBuildPhase;
			buildActionMask = 2147483647;
			files = (
				5334889F1E5BA3D200F8B08A /* LaunchScreen.storyboard in Resources */,
				53FC6DC51E5A5E3000397CB6 /* Assets.xcassets in Resources */,
				5305161E1E5A670D00185831 /* Substances.graphql in Resources */,
				533488A01E5BA3D200F8B08A /* Main.storyboard in Resources */,
			);
			runOnlyForDeploymentPostprocessing = 0;
		};
		53FC6DCC1E5A5E3000397CB6 /* Resources */ = {
			isa = PBXResourcesBuildPhase;
			buildActionMask = 2147483647;
			files = (
			);
			runOnlyForDeploymentPostprocessing = 0;
		};
		53FC6DD71E5A5E3000397CB6 /* Resources */ = {
			isa = PBXResourcesBuildPhase;
			buildActionMask = 2147483647;
			files = (
			);
			runOnlyForDeploymentPostprocessing = 0;
		};
/* End PBXResourcesBuildPhase section */

/* Begin PBXShellScriptBuildPhase section */
		5315F4A41E5A64C8005A051F /* Apollo Codegen */ = {
			isa = PBXShellScriptBuildPhase;
			buildActionMask = 2147483647;
			files = (
			);
			inputPaths = (
			);
			name = "Apollo Codegen";
			outputPaths = (
			);
			runOnlyForDeploymentPostprocessing = 0;
			shellPath = /bin/sh;
			shellScript = "APOLLO_FRAMEWORK_PATH=\"$(eval find $FRAMEWORK_SEARCH_PATHS -name \"Apollo.framework\" -maxdepth 1)\"\n\nif [ -z \"$APOLLO_FRAMEWORK_PATH\" ]; then\necho \"error: Couldn't find Apollo.framework in FRAMEWORK_SEARCH_PATHS; make sure to add the framework to your project.\"\nexit 1\nfi\n\ncd \"${SRCROOT}/${TARGET_NAME}\"\n$APOLLO_FRAMEWORK_PATH/check-and-run-apollo-codegen.sh generate $(find . -name '*.graphql') --schema schema.json --output \"./Classes/Generated/Graphql/API.swift\"";
		};
		536FC5741E5CD05C005C96FE /* Hockey */ = {
			isa = PBXShellScriptBuildPhase;
			buildActionMask = 2147483647;
			files = (
			);
			inputPaths = (
			);
			name = Hockey;
			outputPaths = (
			);
			runOnlyForDeploymentPostprocessing = 0;
			shellPath = /bin/sh;
			shellScript = "FILE=\"${SRCROOT}/HockeySDK-iOS/BuildAgent\"\nif [ -f \"$FILE\" ]; then\n\"$FILE\"\nfi";
		};
		536FC5751E5CD7C6005C96FE /* Build Version Increment */ = {
			isa = PBXShellScriptBuildPhase;
			buildActionMask = 2147483647;
			files = (
			);
			inputPaths = (
			);
			name = "Build Version Increment";
			outputPaths = (
			);
			runOnlyForDeploymentPostprocessing = 0;
			shellPath = /bin/sh;
			shellScript = "buildNumber=$(/usr/libexec/PlistBuddy -c \"Print CFBundleVersion\" \"${PROJECT_DIR}/${INFOPLIST_FILE}\")\nbuildNumber=$(($buildNumber + 1))\n/usr/libexec/PlistBuddy -c \"Set :CFBundleVersion $buildNumber\" \"${PROJECT_DIR}/${INFOPLIST_FILE}\"";
		};
		C7A122A866A27021579FB9E3 /* [CP] Embed Pods Frameworks */ = {
			isa = PBXShellScriptBuildPhase;
			buildActionMask = 2147483647;
			files = (
			);
			inputPaths = (
			);
			name = "[CP] Embed Pods Frameworks";
			outputPaths = (
			);
			runOnlyForDeploymentPostprocessing = 0;
			shellPath = /bin/sh;
			shellScript = "\"${SRCROOT}/Pods/Target Support Files/Pods-PsychonautWiki/Pods-PsychonautWiki-frameworks.sh\"\n";
			showEnvVarsInLog = 0;
		};
		E20EED8EE62876990F228416 /* [CP] Check Pods Manifest.lock */ = {
			isa = PBXShellScriptBuildPhase;
			buildActionMask = 2147483647;
			files = (
			);
			inputPaths = (
			);
			name = "[CP] Check Pods Manifest.lock";
			outputPaths = (
			);
			runOnlyForDeploymentPostprocessing = 0;
			shellPath = /bin/sh;
			shellScript = "diff \"${PODS_ROOT}/../Podfile.lock\" \"${PODS_ROOT}/Manifest.lock\" > /dev/null\nif [ $? != 0 ] ; then\n    # print error to STDERR\n    echo \"error: The sandbox is not in sync with the Podfile.lock. Run 'pod install' or update your CocoaPods installation.\" >&2\n    exit 1\nfi\n";
			showEnvVarsInLog = 0;
		};
		E7D192274FE5DD5DF744049C /* [CP] Copy Pods Resources */ = {
			isa = PBXShellScriptBuildPhase;
			buildActionMask = 2147483647;
			files = (
			);
			inputPaths = (
			);
			name = "[CP] Copy Pods Resources";
			outputPaths = (
			);
			runOnlyForDeploymentPostprocessing = 0;
			shellPath = /bin/sh;
			shellScript = "\"${SRCROOT}/Pods/Target Support Files/Pods-PsychonautWiki/Pods-PsychonautWiki-resources.sh\"\n";
			showEnvVarsInLog = 0;
		};
/* End PBXShellScriptBuildPhase section */

/* Begin PBXSourcesBuildPhase section */
		53FC6DB41E5A5E2F00397CB6 /* Sources */ = {
			isa = PBXSourcesBuildPhase;
			buildActionMask = 2147483647;
			files = (
				533488991E5B968900F8B08A /* UIViewControllerExtensions.swift in Sources */,
				53FC6DC01E5A5E2F00397CB6 /* SubstanceDetailViewController.swift in Sources */,
				53FC6DBE1E5A5E2F00397CB6 /* MasterViewController.swift in Sources */,
				530516201E5B6A8600185831 /* SubstancesViewController.swift in Sources */,
				53664B3A1E5B91490064E730 /* ApolloClient.swift in Sources */,
				5315F4AD1E5A6618005A051F /* AppDelegate.swift in Sources */,
				530516251E5B6D1A00185831 /* SubstancesService.swift in Sources */,
				5334889B1E5B9CC700F8B08A /* ArrayExtension.swift in Sources */,
				533488A31E5BAB4100F8B08A /* MultiLineTableViewCell.swift in Sources */,
				5315F4A81E5A65E9005A051F /* API.swift in Sources */,
			);
			runOnlyForDeploymentPostprocessing = 0;
		};
		53FC6DCA1E5A5E3000397CB6 /* Sources */ = {
			isa = PBXSourcesBuildPhase;
			buildActionMask = 2147483647;
			files = (
				53FC6DD31E5A5E3000397CB6 /* PsychonautWikiTests.swift in Sources */,
			);
			runOnlyForDeploymentPostprocessing = 0;
		};
		53FC6DD51E5A5E3000397CB6 /* Sources */ = {
			isa = PBXSourcesBuildPhase;
			buildActionMask = 2147483647;
			files = (
				53FC6DDE1E5A5E3000397CB6 /* PsychonautWikiUITests.swift in Sources */,
			);
			runOnlyForDeploymentPostprocessing = 0;
		};
/* End PBXSourcesBuildPhase section */

/* Begin PBXTargetDependency section */
		53FC6DD01E5A5E3000397CB6 /* PBXTargetDependency */ = {
			isa = PBXTargetDependency;
			target = 53FC6DB71E5A5E2F00397CB6 /* PsychonautWiki */;
			targetProxy = 53FC6DCF1E5A5E3000397CB6 /* PBXContainerItemProxy */;
		};
		53FC6DDB1E5A5E3000397CB6 /* PBXTargetDependency */ = {
			isa = PBXTargetDependency;
			target = 53FC6DB71E5A5E2F00397CB6 /* PsychonautWiki */;
			targetProxy = 53FC6DDA1E5A5E3000397CB6 /* PBXContainerItemProxy */;
		};
/* End PBXTargetDependency section */

/* Begin XCBuildConfiguration section */
		53FC6DE01E5A5E3000397CB6 /* Debug */ = {
			isa = XCBuildConfiguration;
			buildSettings = {
				ALWAYS_SEARCH_USER_PATHS = NO;
				CLANG_ANALYZER_NONNULL = YES;
				CLANG_CXX_LANGUAGE_STANDARD = "gnu++0x";
				CLANG_CXX_LIBRARY = "libc++";
				CLANG_ENABLE_MODULES = YES;
				CLANG_ENABLE_OBJC_ARC = YES;
				CLANG_WARN_BOOL_CONVERSION = YES;
				CLANG_WARN_CONSTANT_CONVERSION = YES;
				CLANG_WARN_DIRECT_OBJC_ISA_USAGE = YES_ERROR;
				CLANG_WARN_DOCUMENTATION_COMMENTS = YES;
				CLANG_WARN_EMPTY_BODY = YES;
				CLANG_WARN_ENUM_CONVERSION = YES;
				CLANG_WARN_INFINITE_RECURSION = YES;
				CLANG_WARN_INT_CONVERSION = YES;
				CLANG_WARN_OBJC_ROOT_CLASS = YES_ERROR;
				CLANG_WARN_SUSPICIOUS_MOVES = YES;
				CLANG_WARN_UNREACHABLE_CODE = YES;
				CLANG_WARN__DUPLICATE_METHOD_MATCH = YES;
				"CODE_SIGN_IDENTITY[sdk=iphoneos*]" = "iPhone Developer";
				COPY_PHASE_STRIP = NO;
				DEBUG_INFORMATION_FORMAT = dwarf;
				ENABLE_STRICT_OBJC_MSGSEND = YES;
				ENABLE_TESTABILITY = YES;
				GCC_C_LANGUAGE_STANDARD = gnu99;
				GCC_DYNAMIC_NO_PIC = NO;
				GCC_NO_COMMON_BLOCKS = YES;
				GCC_OPTIMIZATION_LEVEL = 0;
				GCC_PREPROCESSOR_DEFINITIONS = (
					"DEBUG=1",
					"$(inherited)",
				);
				GCC_WARN_64_TO_32_BIT_CONVERSION = YES;
				GCC_WARN_ABOUT_RETURN_TYPE = YES_ERROR;
				GCC_WARN_UNDECLARED_SELECTOR = YES;
				GCC_WARN_UNINITIALIZED_AUTOS = YES_AGGRESSIVE;
				GCC_WARN_UNUSED_FUNCTION = YES;
				GCC_WARN_UNUSED_VARIABLE = YES;
				IPHONEOS_DEPLOYMENT_TARGET = 10.0;
				MTL_ENABLE_DEBUG_INFO = YES;
				ONLY_ACTIVE_ARCH = YES;
				SDKROOT = iphoneos;
				SWIFT_ACTIVE_COMPILATION_CONDITIONS = DEBUG;
				SWIFT_OPTIMIZATION_LEVEL = "-Onone";
				TARGETED_DEVICE_FAMILY = "1,2";
			};
			name = Debug;
		};
		53FC6DE11E5A5E3000397CB6 /* Release */ = {
			isa = XCBuildConfiguration;
			buildSettings = {
				ALWAYS_SEARCH_USER_PATHS = NO;
				CLANG_ANALYZER_NONNULL = YES;
				CLANG_CXX_LANGUAGE_STANDARD = "gnu++0x";
				CLANG_CXX_LIBRARY = "libc++";
				CLANG_ENABLE_MODULES = YES;
				CLANG_ENABLE_OBJC_ARC = YES;
				CLANG_WARN_BOOL_CONVERSION = YES;
				CLANG_WARN_CONSTANT_CONVERSION = YES;
				CLANG_WARN_DIRECT_OBJC_ISA_USAGE = YES_ERROR;
				CLANG_WARN_DOCUMENTATION_COMMENTS = YES;
				CLANG_WARN_EMPTY_BODY = YES;
				CLANG_WARN_ENUM_CONVERSION = YES;
				CLANG_WARN_INFINITE_RECURSION = YES;
				CLANG_WARN_INT_CONVERSION = YES;
				CLANG_WARN_OBJC_ROOT_CLASS = YES_ERROR;
				CLANG_WARN_SUSPICIOUS_MOVES = YES;
				CLANG_WARN_UNREACHABLE_CODE = YES;
				CLANG_WARN__DUPLICATE_METHOD_MATCH = YES;
				"CODE_SIGN_IDENTITY[sdk=iphoneos*]" = "iPhone Developer";
				COPY_PHASE_STRIP = NO;
				DEBUG_INFORMATION_FORMAT = "dwarf-with-dsym";
				ENABLE_NS_ASSERTIONS = NO;
				ENABLE_STRICT_OBJC_MSGSEND = YES;
				GCC_C_LANGUAGE_STANDARD = gnu99;
				GCC_NO_COMMON_BLOCKS = YES;
				GCC_WARN_64_TO_32_BIT_CONVERSION = YES;
				GCC_WARN_ABOUT_RETURN_TYPE = YES_ERROR;
				GCC_WARN_UNDECLARED_SELECTOR = YES;
				GCC_WARN_UNINITIALIZED_AUTOS = YES_AGGRESSIVE;
				GCC_WARN_UNUSED_FUNCTION = YES;
				GCC_WARN_UNUSED_VARIABLE = YES;
				IPHONEOS_DEPLOYMENT_TARGET = 10.0;
				MTL_ENABLE_DEBUG_INFO = NO;
				SDKROOT = iphoneos;
				SWIFT_OPTIMIZATION_LEVEL = "-Owholemodule";
				TARGETED_DEVICE_FAMILY = "1,2";
				VALIDATE_PRODUCT = YES;
			};
			name = Release;
		};
		53FC6DE31E5A5E3000397CB6 /* Debug */ = {
			isa = XCBuildConfiguration;
			baseConfigurationReference = 9CC5BDBB6C57136B87349D32 /* Pods-PsychonautWiki.debug.xcconfig */;
			buildSettings = {
				ASSETCATALOG_COMPILER_APPICON_NAME = AppIcon;
				DEVELOPMENT_TEAM = RY3UPR7VXC;
				INFOPLIST_FILE = PsychonautWiki/Info.plist;
				IPHONEOS_DEPLOYMENT_TARGET = 9.0;
				LD_RUNPATH_SEARCH_PATHS = "$(inherited) @executable_path/Frameworks";
				PRODUCT_BUNDLE_IDENTIFIER = com.barbewaldemar.PsychonautWiki;
				PRODUCT_NAME = "$(TARGET_NAME)";
				SWIFT_VERSION = 3.0;
			};
			name = Debug;
		};
		53FC6DE41E5A5E3000397CB6 /* Release */ = {
			isa = XCBuildConfiguration;
			baseConfigurationReference = CB4846BE35CDAD25A9A205BB /* Pods-PsychonautWiki.release.xcconfig */;
			buildSettings = {
				ASSETCATALOG_COMPILER_APPICON_NAME = AppIcon;
				DEVELOPMENT_TEAM = RY3UPR7VXC;
				INFOPLIST_FILE = PsychonautWiki/Info.plist;
				IPHONEOS_DEPLOYMENT_TARGET = 9.0;
				LD_RUNPATH_SEARCH_PATHS = "$(inherited) @executable_path/Frameworks";
				PRODUCT_BUNDLE_IDENTIFIER = com.barbewaldemar.PsychonautWiki;
				PRODUCT_NAME = "$(TARGET_NAME)";
				SWIFT_VERSION = 3.0;
			};
			name = Release;
		};
		53FC6DE61E5A5E3000397CB6 /* Debug */ = {
			isa = XCBuildConfiguration;
			buildSettings = {
				ALWAYS_EMBED_SWIFT_STANDARD_LIBRARIES = YES;
				BUNDLE_LOADER = "$(TEST_HOST)";
				DEVELOPMENT_TEAM = 2BN3AJZW49;
				INFOPLIST_FILE = PsychonautWikiTests/Info.plist;
				LD_RUNPATH_SEARCH_PATHS = "$(inherited) @executable_path/Frameworks @loader_path/Frameworks";
				PRODUCT_BUNDLE_IDENTIFIER = com.barbewaldemar.PsychonautWikiTests;
				PRODUCT_NAME = "$(TARGET_NAME)";
				SWIFT_VERSION = 3.0;
				TEST_HOST = "$(BUILT_PRODUCTS_DIR)/PsychonautWiki.app/PsychonautWiki";
			};
			name = Debug;
		};
		53FC6DE71E5A5E3000397CB6 /* Release */ = {
			isa = XCBuildConfiguration;
			buildSettings = {
				ALWAYS_EMBED_SWIFT_STANDARD_LIBRARIES = YES;
				BUNDLE_LOADER = "$(TEST_HOST)";
				DEVELOPMENT_TEAM = 2BN3AJZW49;
				INFOPLIST_FILE = PsychonautWikiTests/Info.plist;
				LD_RUNPATH_SEARCH_PATHS = "$(inherited) @executable_path/Frameworks @loader_path/Frameworks";
				PRODUCT_BUNDLE_IDENTIFIER = com.barbewaldemar.PsychonautWikiTests;
				PRODUCT_NAME = "$(TARGET_NAME)";
				SWIFT_VERSION = 3.0;
				TEST_HOST = "$(BUILT_PRODUCTS_DIR)/PsychonautWiki.app/PsychonautWiki";
			};
			name = Release;
		};
		53FC6DE91E5A5E3000397CB6 /* Debug */ = {
			isa = XCBuildConfiguration;
			buildSettings = {
				ALWAYS_EMBED_SWIFT_STANDARD_LIBRARIES = YES;
				DEVELOPMENT_TEAM = 2BN3AJZW49;
				INFOPLIST_FILE = PsychonautWikiUITests/Info.plist;
				LD_RUNPATH_SEARCH_PATHS = "$(inherited) @executable_path/Frameworks @loader_path/Frameworks";
				PRODUCT_BUNDLE_IDENTIFIER = com.barbewaldemar.PsychonautWikiUITests;
				PRODUCT_NAME = "$(TARGET_NAME)";
				SWIFT_VERSION = 3.0;
				TEST_TARGET_NAME = PsychonautWiki;
			};
			name = Debug;
		};
		53FC6DEA1E5A5E3000397CB6 /* Release */ = {
			isa = XCBuildConfiguration;
			buildSettings = {
				ALWAYS_EMBED_SWIFT_STANDARD_LIBRARIES = YES;
				DEVELOPMENT_TEAM = 2BN3AJZW49;
				INFOPLIST_FILE = PsychonautWikiUITests/Info.plist;
				LD_RUNPATH_SEARCH_PATHS = "$(inherited) @executable_path/Frameworks @loader_path/Frameworks";
				PRODUCT_BUNDLE_IDENTIFIER = com.barbewaldemar.PsychonautWikiUITests;
				PRODUCT_NAME = "$(TARGET_NAME)";
				SWIFT_VERSION = 3.0;
				TEST_TARGET_NAME = PsychonautWiki;
			};
			name = Release;
		};
/* End XCBuildConfiguration section */

/* Begin XCConfigurationList section */
		53FC6DB31E5A5E2F00397CB6 /* Build configuration list for PBXProject "PsychonautWiki" */ = {
			isa = XCConfigurationList;
			buildConfigurations = (
				53FC6DE01E5A5E3000397CB6 /* Debug */,
				53FC6DE11E5A5E3000397CB6 /* Release */,
			);
			defaultConfigurationIsVisible = 0;
			defaultConfigurationName = Release;
		};
		53FC6DE21E5A5E3000397CB6 /* Build configuration list for PBXNativeTarget "PsychonautWiki" */ = {
			isa = XCConfigurationList;
			buildConfigurations = (
				53FC6DE31E5A5E3000397CB6 /* Debug */,
				53FC6DE41E5A5E3000397CB6 /* Release */,
			);
			defaultConfigurationIsVisible = 0;
			defaultConfigurationName = Release;
		};
		53FC6DE51E5A5E3000397CB6 /* Build configuration list for PBXNativeTarget "PsychonautWikiTests" */ = {
			isa = XCConfigurationList;
			buildConfigurations = (
				53FC6DE61E5A5E3000397CB6 /* Debug */,
				53FC6DE71E5A5E3000397CB6 /* Release */,
			);
			defaultConfigurationIsVisible = 0;
			defaultConfigurationName = Release;
		};
		53FC6DE81E5A5E3000397CB6 /* Build configuration list for PBXNativeTarget "PsychonautWikiUITests" */ = {
			isa = XCConfigurationList;
			buildConfigurations = (
				53FC6DE91E5A5E3000397CB6 /* Debug */,
				53FC6DEA1E5A5E3000397CB6 /* Release */,
			);
			defaultConfigurationIsVisible = 0;
			defaultConfigurationName = Release;
		};
/* End XCConfigurationList section */
	};
	rootObject = 53FC6DB01E5A5E2F00397CB6 /* Project object */;
}
